
Microsoft Visual Studio Solution File, Format Version 12.00
# Visual Studio 14
VisualStudioVersion = 14.0.24720.0
MinimumVisualStudioVersion = 10.0.40219.1
Project("{2150E333-8FDC-42A3-9474-1A3956D46DE8}") = "Samples", "Samples", "{C695FB8A-B3DE-44E1-AD43-4F619E0FF5FA}"
EndProject
Project("{2150E333-8FDC-42A3-9474-1A3956D46DE8}") = "Tests", "Tests", "{DE248D3C-18AD-4EDD-8832-D48966FFD334}"
EndProject
Project("{FAE04EC0-301F-11D3-BF4B-00C04F79EFBC}") = "Sequin.ClaimsAuthentication", "src\Sequin.ClaimsAuthentication\Sequin.ClaimsAuthentication.csproj", "{385A148C-FD0D-48B5-AEEB-86A2D10FB744}"
EndProject
Project("{FAE04EC0-301F-11D3-BF4B-00C04F79EFBC}") = "Sample.Web.ClaimsAuthentication", "samples\Sample.Web.ClaimsAuthentication\Sample.Web.ClaimsAuthentication.csproj", "{BCE9EE4D-4722-46D8-9A88-46525E3E78F7}"
EndProject
Project("{FAE04EC0-301F-11D3-BF4B-00C04F79EFBC}") = "Sequin.ClaimsAuthentication.Core", "src\Sequin.ClaimsAuthentication.Core\Sequin.ClaimsAuthentication.Core.csproj", "{A819D819-7912-4815-9EE6-12028FAE5602}"
EndProject
Project("{FAE04EC0-301F-11D3-BF4B-00C04F79EFBC}") = "Sequin.ClaimsAuthentication.Integration", "tests\Sequin.ClaimsAuthentication.Integration\Sequin.ClaimsAuthentication.Integration.csproj", "{E59856BF-FC03-46C4-B273-1213DB533E28}"
EndProject
Global
	GlobalSection(SolutionConfigurationPlatforms) = preSolution
		Debug|Any CPU = Debug|Any CPU
		Release|Any CPU = Release|Any CPU
	EndGlobalSection
	GlobalSection(ProjectConfigurationPlatforms) = postSolution
		{385A148C-FD0D-48B5-AEEB-86A2D10FB744}.Debug|Any CPU.ActiveCfg = Debug|Any CPU
		{385A148C-FD0D-48B5-AEEB-86A2D10FB744}.Debug|Any CPU.Build.0 = Debug|Any CPU
		{385A148C-FD0D-48B5-AEEB-86A2D10FB744}.Release|Any CPU.ActiveCfg = Release|Any CPU
		{385A148C-FD0D-48B5-AEEB-86A2D10FB744}.Release|Any CPU.Build.0 = Release|Any CPU
		{BCE9EE4D-4722-46D8-9A88-46525E3E78F7}.Debug|Any CPU.ActiveCfg = Debug|Any CPU
		{BCE9EE4D-4722-46D8-9A88-46525E3E78F7}.Debug|Any CPU.Build.0 = Debug|Any CPU
		{BCE9EE4D-4722-46D8-9A88-46525E3E78F7}.Release|Any CPU.ActiveCfg = Release|Any CPU
		{BCE9EE4D-4722-46D8-9A88-46525E3E78F7}.Release|Any CPU.Build.0 = Release|Any CPU
		{A819D819-7912-4815-9EE6-12028FAE5602}.Debug|Any CPU.ActiveCfg = Debug|Any CPU
		{A819D819-7912-4815-9EE6-12028FAE5602}.Debug|Any CPU.Build.0 = Debug|Any CPU
		{A819D819-7912-4815-9EE6-12028FAE5602}.Release|Any CPU.ActiveCfg = Release|Any CPU
		{A819D819-7912-4815-9EE6-12028FAE5602}.Release|Any CPU.Build.0 = Release|Any CPU
		{E59856BF-FC03-46C4-B273-1213DB533E28}.Debug|Any CPU.ActiveCfg = Debug|Any CPU
		{E59856BF-FC03-46C4-B273-1213DB533E28}.Debug|Any CPU.Build.0 = Debug|Any CPU
		{E59856BF-FC03-46C4-B273-1213DB533E28}.Release|Any CPU.ActiveCfg = Release|Any CPU
		{E59856BF-FC03-46C4-B273-1213DB533E28}.Release|Any CPU.Build.0 = Release|Any CPU
	EndGlobalSection
	GlobalSection(SolutionProperties) = preSolution
		HideSolutionNode = FALSE
	EndGlobalSection
	GlobalSection(NestedProjects) = preSolution
		{BCE9EE4D-4722-46D8-9A88-46525E3E78F7} = {C695FB8A-B3DE-44E1-AD43-4F619E0FF5FA}
		{E59856BF-FC03-46C4-B273-1213DB533E28} = {DE248D3C-18AD-4EDD-8832-D48966FFD334}
	EndGlobalSection
EndGlobal
